{"version":4,"terraform_version":"1.12.0","serial":26,"lineage":"4afae121-9c7c-462a-5cdc-0d4dd5dc9b95","outputs":{"capacity_provider_name":{"value":"flashpoint-dev-spark","type":"string"},"capacity_provider_security_group_id":{"value":"sg-09914a295e895398e","type":"string"},"driver_function_name":{"value":"flashpoint-dev-driver","type":"string"},"ecr_repository_url":{"value":"854955106828.dkr.ecr.us-east-1.amazonaws.com/flashpoint-dev-driver","type":"string"},"public_subnet_ids":{"value":["subnet-0826637908ccc00db","subnet-0b956cad8e8d6f1a6","subnet-0a8d3e347789f5c90"],"type":["tuple",["string","string","string"]]},"vpc_id":{"value":"vpc-0b25e516b35259006","type":"string"}},"resources":[{"mode":"data","type":"aws_caller_identity","name":"current","provider":"provider[\"registry.opentofu.org/hashicorp/aws\"]","instances":[{"schema_version":0,"attributes":{"account_id":"854955106828","arn":"arn:aws:iam::854955106828:root","id":"854955106828","user_id":"854955106828"},"sensitive_attributes":[]}]},{"mode":"managed","type":"aws_cloudwatch_log_group","name":"driver","provider":"provider[\"registry.opentofu.org/hashicorp/aws\"]","instances":[{"schema_version":0,"attributes":{"arn":"arn:aws:logs:us-east-1:854955106828:log-group:/aws/lambda/flashpoint-dev-driver","id":"/aws/lambda/flashpoint-dev-driver","kms_key_id":"","log_group_class":"STANDARD","name":"/aws/lambda/flashpoint-dev-driver","name_prefix":"","retention_in_days":1,"skip_destroy":false,"tags":{"Environment":"dev","ManagedBy":"opentofu","Project":"flashpoint"},"tags_all":{"Environment":"dev","ManagedBy":"opentofu","Project":"flashpoint"}},"sensitive_attributes":[],"private":"bnVsbA=="}]},{"mode":"managed","type":"aws_ecr_lifecycle_policy","name":"driver","provider":"provider[\"registry.opentofu.org/hashicorp/aws\"]","instances":[{"schema_version":0,"attributes":{"id":"flashpoint-dev-driver","policy":"{\"rules\":[{\"action\":{\"type\":\"expire\"},\"description\":\"Keep last 5 images\",\"rulePriority\":1,\"selection\":{\"countNumber\":5,\"countType\":\"imageCountMoreThan\",\"tagStatus\":\"any\"}}]}","registry_id":"854955106828","repository":"flashpoint-dev-driver"},"sensitive_attributes":[],"private":"bnVsbA==","dependencies":["aws_ecr_repository.driver"]}]},{"mode":"managed","type":"aws_ecr_repository","name":"driver","provider":"provider[\"registry.opentofu.org/hashicorp/aws\"]","instances":[{"schema_version":0,"attributes":{"arn":"arn:aws:ecr:us-east-1:854955106828:repository/flashpoint-dev-driver","encryption_configuration":[{"encryption_type":"AES256","kms_key":""}],"force_delete":null,"id":"flashpoint-dev-driver","image_scanning_configuration":[{"scan_on_push":true}],"image_tag_mutability":"MUTABLE","name":"flashpoint-dev-driver","registry_id":"854955106828","repository_url":"854955106828.dkr.ecr.us-east-1.amazonaws.com/flashpoint-dev-driver","tags":{"Environment":"dev","ManagedBy":"opentofu","Project":"flashpoint"},"tags_all":{"Environment":"dev","ManagedBy":"opentofu","Project":"flashpoint"},"timeouts":null},"sensitive_attributes":[],"private":"eyJlMmJmYjczMC1lY2FhLTExZTYtOGY4OC0zNDM2M2JjN2M0YzAiOnsiZGVsZXRlIjoxMjAwMDAwMDAwMDAwfX0="}]},{"mode":"managed","type":"aws_iam_role","name":"ecs_execution","provider":"provider[\"registry.opentofu.org/hashicorp/aws\"]","instances":[{"schema_version":0,"attributes":{"arn":"arn:aws:iam::854955106828:role/flashpoint-dev-capacity-provider","assume_role_policy":"{\"Statement\":[{\"Action\":\"sts:AssumeRole\",\"Effect\":\"Allow\",\"Principal\":{\"Service\":\"lambda.amazonaws.com\"}}],\"Version\":\"2012-10-17\"}","create_date":"2026-05-31T15:38:03Z","description":"","force_detach_policies":false,"id":"flashpoint-dev-capacity-provider","inline_policy":[],"managed_policy_arns":["arn:aws:iam::aws:policy/service-role/AWSLambdaVPCAccessExecutionRole"],"max_session_duration":3600,"name":"flashpoint-dev-capacity-provider","name_prefix":"","path":"/","permissions_boundary":"","tags":{"Environment":"dev","ManagedBy":"opentofu","Project":"flashpoint"},"tags_all":{"Environment":"dev","ManagedBy":"opentofu","Project":"flashpoint"},"unique_id":"AROA4OD2LUIGDXSA74IEM"},"sensitive_attributes":[],"private":"bnVsbA=="}]},{"mode":"managed","type":"aws_iam_role_policy_attachment","name":"ecs_execution","provider":"provider[\"registry.opentofu.org/hashicorp/aws\"]","instances":[{"schema_version":0,"attributes":{"id":"flashpoint-dev-capacity-provider-20260531153804578000000001","policy_arn":"arn:aws:iam::aws:policy/service-role/AWSLambdaVPCAccessExecutionRole","role":"flashpoint-dev-capacity-provider"},"sensitive_attributes":[],"private":"bnVsbA=="}]},{"mode":"managed","type":"aws_internet_gateway","name":"main","provider":"provider[\"registry.opentofu.org/hashicorp/aws\"]","instances":[{"schema_version":0,"attributes":{"arn":"arn:aws:ec2:us-east-1:854955106828:internet-gateway/igw-089b446bc57f53780","id":"igw-089b446bc57f53780","owner_id":"854955106828","tags":{"Environment":"dev","ManagedBy":"opentofu","Project":"flashpoint"},"tags_all":{"Environment":"dev","ManagedBy":"opentofu","Project":"flashpoint"},"timeouts":null,"vpc_id":"vpc-0b25e516b35259006"},"sensitive_attributes":[],"private":"eyJlMmJmYjczMC1lY2FhLTExZTYtOGY4OC0zNDM2M2JjN2M0YzAiOnsiY3JlYXRlIjoxMjAwMDAwMDAwMDAwLCJkZWxldGUiOjEyMDAwMDAwMDAwMDAsInVwZGF0ZSI6MTIwMDAwMDAwMDAwMH19","dependencies":["aws_vpc.main"]}]},{"mode":"managed","type":"aws_route_table","name":"public","provider":"provider[\"registry.opentofu.org/hashicorp/aws\"]","instances":[{"schema_version":0,"attributes":{"arn":"arn:aws:ec2:us-east-1:854955106828:route-table/rtb-02757aebd8041bb87","id":"rtb-02757aebd8041bb87","owner_id":"854955106828","propagating_vgws":[],"route":[{"carrier_gateway_id":"","cidr_block":"0.0.0.0/0","core_network_arn":"","destination_prefix_list_id":"","egress_only_gateway_id":"","gateway_id":"igw-089b446bc57f53780","ipv6_cidr_block":"","local_gateway_id":"","nat_gateway_id":"","network_interface_id":"","transit_gateway_id":"","vpc_endpoint_id":"","vpc_peering_connection_id":""}],"tags":{"Environment":"dev","ManagedBy":"opentofu","Project":"flashpoint"},"tags_all":{"Environment":"dev","ManagedBy":"opentofu","Project":"flashpoint"},"timeouts":null,"vpc_id":"vpc-0b25e516b35259006"},"sensitive_attributes":[],"private":"eyJlMmJmYjczMC1lY2FhLTExZTYtOGY4OC0zNDM2M2JjN2M0YzAiOnsiY3JlYXRlIjozMDAwMDAwMDAwMDAsImRlbGV0ZSI6MzAwMDAwMDAwMDAwLCJ1cGRhdGUiOjEyMDAwMDAwMDAwMH19","dependencies":["aws_internet_gateway.main","aws_vpc.main"]}]},{"mode":"managed","type":"aws_route_table_association","name":"public","provider":"provider[\"registry.opentofu.org/hashicorp/aws\"]","instances":[{"index_key":0,"schema_version":0,"attributes":{"gateway_id":"","id":"rtbassoc-0b74d86252ef38e55","route_table_id":"rtb-02757aebd8041bb87","subnet_id":"subnet-0826637908ccc00db","timeouts":null},"sensitive_attributes":[],"private":"eyJlMmJmYjczMC1lY2FhLTExZTYtOGY4OC0zNDM2M2JjN2M0YzAiOnsiY3JlYXRlIjozMDAwMDAwMDAwMDAsImRlbGV0ZSI6MzAwMDAwMDAwMDAwLCJ1cGRhdGUiOjEyMDAwMDAwMDAwMH19","dependencies":["aws_internet_gateway.main","aws_route_table.public","aws_subnet.public","aws_vpc.main"]},{"index_key":1,"schema_version":0,"attributes":{"gateway_id":"","id":"rtbassoc-064f2ce7276b1f8d8","route_table_id":"rtb-02757aebd8041bb87","subnet_id":"subnet-0b956cad8e8d6f1a6","timeouts":null},"sensitive_attributes":[],"private":"eyJlMmJmYjczMC1lY2FhLTExZTYtOGY4OC0zNDM2M2JjN2M0YzAiOnsiY3JlYXRlIjozMDAwMDAwMDAwMDAsImRlbGV0ZSI6MzAwMDAwMDAwMDAwLCJ1cGRhdGUiOjEyMDAwMDAwMDAwMH19","dependencies":["aws_internet_gateway.main","aws_route_table.public","aws_subnet.public","aws_vpc.main"]},{"index_key":2,"schema_version":0,"attributes":{"gateway_id":"","id":"rtbassoc-041bc010217d2ba53","route_table_id":"rtb-02757aebd8041bb87","subnet_id":"subnet-0a8d3e347789f5c90","timeouts":null},"sensitive_attributes":[],"private":"eyJlMmJmYjczMC1lY2FhLTExZTYtOGY4OC0zNDM2M2JjN2M0YzAiOnsiY3JlYXRlIjozMDAwMDAwMDAwMDAsImRlbGV0ZSI6MzAwMDAwMDAwMDAwLCJ1cGRhdGUiOjEyMDAwMDAwMDAwMH19","dependencies":["aws_internet_gateway.main","aws_route_table.public","aws_subnet.public","aws_vpc.main"]}]},{"mode":"managed","type":"aws_security_group","name":"spark_task","provider":"provider[\"registry.opentofu.org/hashicorp/aws\"]","instances":[{"schema_version":1,"attributes":{"arn":"arn:aws:ec2:us-east-1:854955106828:security-group/sg-09914a295e895398e","description":"Lambda Managed Instances capacity provider","egress":[{"cidr_blocks":["0.0.0.0/0"],"description":"","from_port":0,"ipv6_cidr_blocks":[],"prefix_list_ids":[],"protocol":"-1","security_groups":[],"self":false,"to_port":0}],"id":"sg-09914a295e895398e","ingress":[{"cidr_blocks":["10.0.0.0/16"],"description":"","from_port":15002,"ipv6_cidr_blocks":[],"prefix_list_ids":[],"protocol":"tcp","security_groups":[],"self":false,"to_port":15002},{"cidr_blocks":["10.0.0.0/16"],"description":"","from_port":7337,"ipv6_cidr_blocks":[],"prefix_list_ids":[],"protocol":"tcp","security_groups":[],"self":false,"to_port":7337}],"name":"flashpoint-dev-capacity-provider","name_prefix":"","owner_id":"854955106828","revoke_rules_on_delete":false,"tags":{"Environment":"dev","ManagedBy":"opentofu","Project":"flashpoint"},"tags_all":{"Environment":"dev","ManagedBy":"opentofu","Project":"flashpoint"},"timeouts":null,"vpc_id":"vpc-0b25e516b35259006"},"sensitive_attributes":[],"private":"eyJlMmJmYjczMC1lY2FhLTExZTYtOGY4OC0zNDM2M2JjN2M0YzAiOnsiY3JlYXRlIjo2MDAwMDAwMDAwMDAsImRlbGV0ZSI6OTAwMDAwMDAwMDAwfSwic2NoZW1hX3ZlcnNpb24iOiIxIn0=","dependencies":["aws_vpc.main"]}]},{"mode":"managed","type":"aws_subnet","name":"public","provider":"provider[\"registry.opentofu.org/hashicorp/aws\"]","instances":[{"index_key":0,"schema_version":1,"attributes":{"arn":"arn:aws:ec2:us-east-1:854955106828:subnet/subnet-0826637908ccc00db","assign_ipv6_address_on_creation":false,"availability_zone":"us-east-1a","availability_zone_id":"use1-az2","cidr_block":"10.0.0.0/20","customer_owned_ipv4_pool":"","enable_dns64":false,"enable_lni_at_device_index":0,"enable_resource_name_dns_a_record_on_launch":false,"enable_resource_name_dns_aaaa_record_on_launch":false,"id":"subnet-0826637908ccc00db","ipv6_cidr_block":"","ipv6_cidr_block_association_id":"","ipv6_native":false,"map_customer_owned_ip_on_launch":false,"map_public_ip_on_launch":true,"outpost_arn":"","owner_id":"854955106828","private_dns_hostname_type_on_launch":"ip-name","tags":{"Environment":"dev","ManagedBy":"opentofu","Name":"flashpoint-dev-public-0","Project":"flashpoint"},"tags_all":{"Environment":"dev","ManagedBy":"opentofu","Name":"flashpoint-dev-public-0","Project":"flashpoint"},"timeouts":null,"vpc_id":"vpc-0b25e516b35259006"},"sensitive_attributes":[],"private":"eyJlMmJmYjczMC1lY2FhLTExZTYtOGY4OC0zNDM2M2JjN2M0YzAiOnsiY3JlYXRlIjo2MDAwMDAwMDAwMDAsImRlbGV0ZSI6MTIwMDAwMDAwMDAwMH0sInNjaGVtYV92ZXJzaW9uIjoiMSJ9","dependencies":["aws_vpc.main"]},{"index_key":1,"schema_version":1,"attributes":{"arn":"arn:aws:ec2:us-east-1:854955106828:subnet/subnet-0b956cad8e8d6f1a6","assign_ipv6_address_on_creation":false,"availability_zone":"us-east-1b","availability_zone_id":"use1-az4","cidr_block":"10.0.16.0/20","customer_owned_ipv4_pool":"","enable_dns64":false,"enable_lni_at_device_index":0,"enable_resource_name_dns_a_record_on_launch":false,"enable_resource_name_dns_aaaa_record_on_launch":false,"id":"subnet-0b956cad8e8d6f1a6","ipv6_cidr_block":"","ipv6_cidr_block_association_id":"","ipv6_native":false,"map_customer_owned_ip_on_launch":false,"map_public_ip_on_launch":true,"outpost_arn":"","owner_id":"854955106828","private_dns_hostname_type_on_launch":"ip-name","tags":{"Environment":"dev","ManagedBy":"opentofu","Name":"flashpoint-dev-public-1","Project":"flashpoint"},"tags_all":{"Environment":"dev","ManagedBy":"opentofu","Name":"flashpoint-dev-public-1","Project":"flashpoint"},"timeouts":null,"vpc_id":"vpc-0b25e516b35259006"},"sensitive_attributes":[],"private":"eyJlMmJmYjczMC1lY2FhLTExZTYtOGY4OC0zNDM2M2JjN2M0YzAiOnsiY3JlYXRlIjo2MDAwMDAwMDAwMDAsImRlbGV0ZSI6MTIwMDAwMDAwMDAwMH0sInNjaGVtYV92ZXJzaW9uIjoiMSJ9","dependencies":["aws_vpc.main"]},{"index_key":2,"schema_version":1,"attributes":{"arn":"arn:aws:ec2:us-east-1:854955106828:subnet/subnet-0a8d3e347789f5c90","assign_ipv6_address_on_creation":false,"availability_zone":"us-east-1c","availability_zone_id":"use1-az6","cidr_block":"10.0.32.0/20","customer_owned_ipv4_pool":"","enable_dns64":false,"enable_lni_at_device_index":0,"enable_resource_name_dns_a_record_on_launch":false,"enable_resource_name_dns_aaaa_record_on_launch":false,"id":"subnet-0a8d3e347789f5c90","ipv6_cidr_block":"","ipv6_cidr_block_association_id":"","ipv6_native":false,"map_customer_owned_ip_on_launch":false,"map_public_ip_on_launch":true,"outpost_arn":"","owner_id":"854955106828","private_dns_hostname_type_on_launch":"ip-name","tags":{"Environment":"dev","ManagedBy":"opentofu","Name":"flashpoint-dev-public-2","Project":"flashpoint"},"tags_all":{"Environment":"dev","ManagedBy":"opentofu","Name":"flashpoint-dev-public-2","Project":"flashpoint"},"timeouts":null,"vpc_id":"vpc-0b25e516b35259006"},"sensitive_attributes":[],"private":"eyJlMmJmYjczMC1lY2FhLTExZTYtOGY4OC0zNDM2M2JjN2M0YzAiOnsiY3JlYXRlIjo2MDAwMDAwMDAwMDAsImRlbGV0ZSI6MTIwMDAwMDAwMDAwMH0sInNjaGVtYV92ZXJzaW9uIjoiMSJ9","dependencies":["aws_vpc.main"]}]},{"mode":"managed","type":"aws_vpc","name":"main","provider":"provider[\"registry.opentofu.org/hashicorp/aws\"]","instances":[{"schema_version":1,"attributes":{"arn":"arn:aws:ec2:us-east-1:854955106828:vpc/vpc-0b25e516b35259006","assign_generated_ipv6_cidr_block":false,"cidr_block":"10.0.0.0/16","default_network_acl_id":"acl-04f70ee937dc9b778","default_route_table_id":"rtb-077d184a26aecabd2","default_security_group_id":"sg-0c7ee8862dde6741a","dhcp_options_id":"dopt-0860447876eb869ed","enable_dns_hostnames":true,"enable_dns_support":true,"enable_network_address_usage_metrics":false,"id":"vpc-0b25e516b35259006","instance_tenancy":"default","ipv4_ipam_pool_id":null,"ipv4_netmask_length":null,"ipv6_association_id":"","ipv6_cidr_block":"","ipv6_cidr_block_network_border_group":"","ipv6_ipam_pool_id":"","ipv6_netmask_length":0,"main_route_table_id":"rtb-077d184a26aecabd2","owner_id":"854955106828","tags":{"Environment":"dev","ManagedBy":"opentofu","Project":"flashpoint"},"tags_all":{"Environment":"dev","ManagedBy":"opentofu","Project":"flashpoint"}},"sensitive_attributes":[],"private":"eyJzY2hlbWFfdmVyc2lvbiI6IjEifQ=="}]}],"check_results":null}
